
Microsoft Visual Studio Solution File, Format Version 12.00
# Visual Studio Version 17
VisualStudioVersion = 17.5.33424.131
MinimumVisualStudioVersion = 10.0.40219.1
Project("{9A19103F-16F7-4668-BE54-9A1E7A4F7556}") = "SaveScummerLib", "SaveScummerLib\SaveScummerLib.csproj", "{54666D42-5C23-4478-B413-BCBAD32B155C}"
EndProject
Project("{FAE04EC0-301F-11D3-BF4B-00C04F79EFBC}") = "SaveScummer", "SaveScummer\SaveScummer.csproj", "{AFBDC300-94D8-463D-99BA-80ED8CDE5275}"
	ProjectSection(ProjectDependencies) = postProject
		{54666D42-5C23-4478-B413-BCBAD32B155C} = {54666D42-5C23-4478-B413-BCBAD32B155C}
	EndProjectSection
EndProject
Global
	GlobalSection(SolutionConfigurationPlatforms) = preSolution
		Debug|Any CPU = Debug|Any CPU
		Release|Any CPU = Release|Any CPU
	EndGlobalSection
	GlobalSection(ProjectConfigurationPlatforms) = postSolution
		{54666D42-5C23-4478-B413-BCBAD32B155C}.Debug|Any CPU.ActiveCfg = Debug|Any CPU
		{54666D42-5C23-4478-B413-BCBAD32B155C}.Debug|Any CPU.Build.0 = Debug|Any CPU
		{54666D42-5C23-4478-B413-BCBAD32B155C}.Release|Any CPU.ActiveCfg = Release|Any CPU
		{54666D42-5C23-4478-B413-BCBAD32B155C}.Release|Any CPU.Build.0 = Release|Any CPU
		{AFBDC300-94D8-463D-99BA-80ED8CDE5275}.Debug|Any CPU.ActiveCfg = Debug|Any CPU
		{AFBDC300-94D8-463D-99BA-80ED8CDE5275}.Debug|Any CPU.Build.0 = Debug|Any CPU
		{AFBDC300-94D8-463D-99BA-80ED8CDE5275}.Release|Any CPU.ActiveCfg = Release|Any CPU
		{AFBDC300-94D8-463D-99BA-80ED8CDE5275}.Release|Any CPU.Build.0 = Release|Any CPU
	EndGlobalSection
	GlobalSection(SolutionProperties) = preSolution
		HideSolutionNode = FALSE
	EndGlobalSection
	GlobalSection(ExtensibilityGlobals) = postSolution
		SolutionGuid = {2F86C4BD-0BD7-4610-837F-0776E8169FF3}
	EndGlobalSection
EndGlobal
